
Microsoft Visual Studio Solution File, Format Version 12.00
# Visual Studio Version 16
VisualStudioVersion = 16.0.30621.155
MinimumVisualStudioVersion = 10.0.40219.1
Project("{FAE04EC0-301F-11D3-BF4B-00C04F79EFBC}") = "ConsoleAppThirdPartFirstLecture", "ConsoleAppThirdPartFirstLecture\ConsoleAppThirdPartFirstLecture.csproj", "{69D91790-9442-4F18-AB39-CF9A80C2E47E}"
EndProject
Project("{FAE04EC0-301F-11D3-BF4B-00C04F79EFBC}") = "ConsoleAppThirdPartFirstLecture.Bll", "ConsoleAppThirdPartFirstLecture.Bll\ConsoleAppThirdPartFirstLecture.Bll.csproj", "{5D422356-5332-4BD3-A1CD-A26585D39C6E}"
EndProject
Project("{FAE04EC0-301F-11D3-BF4B-00C04F79EFBC}") = "ConsoleAppThirdPartFirstLecture.Dal", "ConsoleAppThirdPartFirstLecture.Dal\ConsoleAppThirdPartFirstLecture.Dal.csproj", "{5E0D47F0-C45D-45C9-9583-6BD0B8322354}"
EndProject
Project("{FAE04EC0-301F-11D3-BF4B-00C04F79EFBC}") = "ConsoleAppThirdPartFirstLecture.Common", "ConsoleAppThirdPartFirstLecture.Common\ConsoleAppThirdPartFirstLecture.Common.csproj", "{2E8F8534-790A-4DDD-ADEE-6C43602D442E}"
EndProject
Project("{FAE04EC0-301F-11D3-BF4B-00C04F79EFBC}") = "ConsoleAppThirdPartFirstLecture.Di", "ConsoleAppThirdPartFirstLecture.Di\ConsoleAppThirdPartFirstLecture.Di.csproj", "{45793BFE-4463-4C37-A88C-76708A2D208C}"
EndProject
Global
	GlobalSection(SolutionConfigurationPlatforms) = preSolution
		Debug|Any CPU = Debug|Any CPU
		Release|Any CPU = Release|Any CPU
	EndGlobalSection
	GlobalSection(ProjectConfigurationPlatforms) = postSolution
		{69D91790-9442-4F18-AB39-CF9A80C2E47E}.Debug|Any CPU.ActiveCfg = Debug|Any CPU
		{69D91790-9442-4F18-AB39-CF9A80C2E47E}.Debug|Any CPU.Build.0 = Debug|Any CPU
		{69D91790-9442-4F18-AB39-CF9A80C2E47E}.Release|Any CPU.ActiveCfg = Release|Any CPU
		{69D91790-9442-4F18-AB39-CF9A80C2E47E}.Release|Any CPU.Build.0 = Release|Any CPU
		{5D422356-5332-4BD3-A1CD-A26585D39C6E}.Debug|Any CPU.ActiveCfg = Debug|Any CPU
		{5D422356-5332-4BD3-A1CD-A26585D39C6E}.Debug|Any CPU.Build.0 = Debug|Any CPU
		{5D422356-5332-4BD3-A1CD-A26585D39C6E}.Release|Any CPU.ActiveCfg = Release|Any CPU
		{5D422356-5332-4BD3-A1CD-A26585D39C6E}.Release|Any CPU.Build.0 = Release|Any CPU
		{5E0D47F0-C45D-45C9-9583-6BD0B8322354}.Debug|Any CPU.ActiveCfg = Debug|Any CPU
		{5E0D47F0-C45D-45C9-9583-6BD0B8322354}.Debug|Any CPU.Build.0 = Debug|Any CPU
		{5E0D47F0-C45D-45C9-9583-6BD0B8322354}.Release|Any CPU.ActiveCfg = Release|Any CPU
		{5E0D47F0-C45D-45C9-9583-6BD0B8322354}.Release|Any CPU.Build.0 = Release|Any CPU
		{2E8F8534-790A-4DDD-ADEE-6C43602D442E}.Debug|Any CPU.ActiveCfg = Debug|Any CPU
		{2E8F8534-790A-4DDD-ADEE-6C43602D442E}.Debug|Any CPU.Build.0 = Debug|Any CPU
		{2E8F8534-790A-4DDD-ADEE-6C43602D442E}.Release|Any CPU.ActiveCfg = Release|Any CPU
		{2E8F8534-790A-4DDD-ADEE-6C43602D442E}.Release|Any CPU.Build.0 = Release|Any CPU
		{45793BFE-4463-4C37-A88C-76708A2D208C}.Debug|Any CPU.ActiveCfg = Debug|Any CPU
		{45793BFE-4463-4C37-A88C-76708A2D208C}.Debug|Any CPU.Build.0 = Debug|Any CPU
		{45793BFE-4463-4C37-A88C-76708A2D208C}.Release|Any CPU.ActiveCfg = Release|Any CPU
		{45793BFE-4463-4C37-A88C-76708A2D208C}.Release|Any CPU.Build.0 = Release|Any CPU
	EndGlobalSection
	GlobalSection(SolutionProperties) = preSolution
		HideSolutionNode = FALSE
	EndGlobalSection
	GlobalSection(ExtensibilityGlobals) = postSolution
		SolutionGuid = {F0558F42-28B8-4C4C-A955-0736B6AB725A}
	EndGlobalSection
EndGlobal
